
Microsoft Visual Studio Solution File, Format Version 11.00
# Visual C# Express 2010
Project("{FAE04EC0-301F-11D3-BF4B-00C04F79EFBC}") = "simple_Tcp_server", "simple_Tcp_server\simple_Tcp_server.csproj", "{854B52B5-FF43-49EB-BCBB-078C924A2394}"
EndProject
Project("{FAE04EC0-301F-11D3-BF4B-00C04F79EFBC}") = "simple_Tcp_client", "simple_Tcp_client\simple_Tcp_client.csproj", "{5EFDBF32-B415-4CB0-B475-FC9D28FCA59E}"
EndProject
Global
	GlobalSection(SolutionConfigurationPlatforms) = preSolution
		Debug|x86 = Debug|x86
		Release|x86 = Release|x86
	EndGlobalSection
	GlobalSection(ProjectConfigurationPlatforms) = postSolution
		{854B52B5-FF43-49EB-BCBB-078C924A2394}.Debug|x86.ActiveCfg = Debug|x86
		{854B52B5-FF43-49EB-BCBB-078C924A2394}.Debug|x86.Build.0 = Debug|x86
		{854B52B5-FF43-49EB-BCBB-078C924A2394}.Release|x86.ActiveCfg = Release|x86
		{854B52B5-FF43-49EB-BCBB-078C924A2394}.Release|x86.Build.0 = Release|x86
		{5EFDBF32-B415-4CB0-B475-FC9D28FCA59E}.Debug|x86.ActiveCfg = Debug|x86
		{5EFDBF32-B415-4CB0-B475-FC9D28FCA59E}.Debug|x86.Build.0 = Debug|x86
		{5EFDBF32-B415-4CB0-B475-FC9D28FCA59E}.Release|x86.ActiveCfg = Release|x86
		{5EFDBF32-B415-4CB0-B475-FC9D28FCA59E}.Release|x86.Build.0 = Release|x86
	EndGlobalSection
	GlobalSection(SolutionProperties) = preSolution
		HideSolutionNode = FALSE
	EndGlobalSection
EndGlobal
